
Microsoft Visual Studio Solution File, Format Version 12.00
# Visual Studio Version 17
VisualStudioVersion = 17.1.32328.378
MinimumVisualStudioVersion = 10.0.40219.1
Project("{FAE04EC0-301F-11D3-BF4B-00C04F79EFBC}") = "Impes.QQRobot", "Impes.QQRobot\Impes.QQRobot.csproj", "{D621F5F0-8A39-46BC-9FCB-CD57A5C929AD}"
EndProject
Project("{FAE04EC0-301F-11D3-BF4B-00C04F79EFBC}") = "Impes.Plugin", "Impes.Plugin\Impes.Plugin.csproj", "{A24FC85A-9625-4E23-8537-452554C9A6E1}"
EndProject
Project("{FAE04EC0-301F-11D3-BF4B-00C04F79EFBC}") = "Impes.HelloPlugin", "Impes.HelloPlugin\Impes.HelloPlugin.csproj", "{CA2EC167-61FA-44B3-B1C7-630D2E4C1D93}"
EndProject
Global
	GlobalSection(SolutionConfigurationPlatforms) = preSolution
		Debug|Any CPU = Debug|Any CPU
		Release|Any CPU = Release|Any CPU
	EndGlobalSection
	GlobalSection(ProjectConfigurationPlatforms) = postSolution
		{D621F5F0-8A39-46BC-9FCB-CD57A5C929AD}.Debug|Any CPU.ActiveCfg = Debug|Any CPU
		{D621F5F0-8A39-46BC-9FCB-CD57A5C929AD}.Debug|Any CPU.Build.0 = Debug|Any CPU
		{D621F5F0-8A39-46BC-9FCB-CD57A5C929AD}.Release|Any CPU.ActiveCfg = Release|Any CPU
		{D621F5F0-8A39-46BC-9FCB-CD57A5C929AD}.Release|Any CPU.Build.0 = Release|Any CPU
		{A24FC85A-9625-4E23-8537-452554C9A6E1}.Debug|Any CPU.ActiveCfg = Debug|Any CPU
		{A24FC85A-9625-4E23-8537-452554C9A6E1}.Debug|Any CPU.Build.0 = Debug|Any CPU
		{A24FC85A-9625-4E23-8537-452554C9A6E1}.Release|Any CPU.ActiveCfg = Release|Any CPU
		{A24FC85A-9625-4E23-8537-452554C9A6E1}.Release|Any CPU.Build.0 = Release|Any CPU
		{CA2EC167-61FA-44B3-B1C7-630D2E4C1D93}.Debug|Any CPU.ActiveCfg = Debug|Any CPU
		{CA2EC167-61FA-44B3-B1C7-630D2E4C1D93}.Debug|Any CPU.Build.0 = Debug|Any CPU
		{CA2EC167-61FA-44B3-B1C7-630D2E4C1D93}.Release|Any CPU.ActiveCfg = Release|Any CPU
		{CA2EC167-61FA-44B3-B1C7-630D2E4C1D93}.Release|Any CPU.Build.0 = Release|Any CPU
	EndGlobalSection
	GlobalSection(SolutionProperties) = preSolution
		HideSolutionNode = FALSE
	EndGlobalSection
	GlobalSection(ExtensibilityGlobals) = postSolution
		SolutionGuid = {6D325415-B880-426A-AFE2-6B6D809C778A}
	EndGlobalSection
EndGlobal
